// !$*UTF8*$!
{
	archiveVersion = 1;
	classes = {
	};
	objectVersion = 46;
	objects = {

/* Begin PBXBuildFile section */
		55D143101AF3277700BD4A23 /* AppDelegate.swift in Sources */ = {isa = PBXBuildFile; fileRef = 55D1430F1AF3277700BD4A23 /* AppDelegate.swift */; };
		55D143151AF3277700BD4A23 /* Main.storyboard in Resources */ = {isa = PBXBuildFile; fileRef = 55D143131AF3277700BD4A23 /* Main.storyboard */; };
		55D143171AF3277700BD4A23 /* Images.xcassets in Resources */ = {isa = PBXBuildFile; fileRef = 55D143161AF3277700BD4A23 /* Images.xcassets */; };
		55D1431A1AF3277700BD4A23 /* LaunchScreen.xib in Resources */ = {isa = PBXBuildFile; fileRef = 55D143181AF3277700BD4A23 /* LaunchScreen.xib */; };
		55D143261AF3277700BD4A23 /* BirderTests.swift in Sources */ = {isa = PBXBuildFile; fileRef = 55D143251AF3277700BD4A23 /* BirderTests.swift */; };
		55D143341AF329B700BD4A23 /* LoginViewController.swift in Sources */ = {isa = PBXBuildFile; fileRef = 55D143331AF329B700BD4A23 /* LoginViewController.swift */; };
		55D143361AF32A6500BD4A23 /* TwitterClient.swift in Sources */ = {isa = PBXBuildFile; fileRef = 55D143351AF32A6500BD4A23 /* TwitterClient.swift */; };
		55D143391AF4A4DA00BD4A23 /* Tweet.swift in Sources */ = {isa = PBXBuildFile; fileRef = 55D143381AF4A4DA00BD4A23 /* Tweet.swift */; };
		55D1433B1AF4A4E400BD4A23 /* User.swift in Sources */ = {isa = PBXBuildFile; fileRef = 55D1433A1AF4A4E400BD4A23 /* User.swift */; };
		55D1433D1AF589F700BD4A23 /* TweetsViewController.swift in Sources */ = {isa = PBXBuildFile; fileRef = 55D1433C1AF589F700BD4A23 /* TweetsViewController.swift */; };
		55D143401AF59C8E00BD4A23 /* TweetCell.swift in Sources */ = {isa = PBXBuildFile; fileRef = 55D1433F1AF59C8E00BD4A23 /* TweetCell.swift */; };
		55D143421AF67E2F00BD4A23 /* ComposeViewController.swift in Sources */ = {isa = PBXBuildFile; fileRef = 55D143411AF67E2F00BD4A23 /* ComposeViewController.swift */; };
		A5FD0031DBD6249302D85224 /* libPods-Birder.a in Frameworks */ = {isa = PBXBuildFile; fileRef = CBB93ABD854BC93E70D92A37 /* libPods-Birder.a */; };
/* End PBXBuildFile section */

/* Begin PBXContainerItemProxy section */
		55D143201AF3277700BD4A23 /* PBXContainerItemProxy */ = {
			isa = PBXContainerItemProxy;
			containerPortal = 55D143021AF3277700BD4A23 /* Project object */;
			proxyType = 1;
			remoteGlobalIDString = 55D143091AF3277700BD4A23;
			remoteInfo = Birder;
		};
/* End PBXContainerItemProxy section */

/* Begin PBXFileReference section */
		55D1430A1AF3277700BD4A23 /* Birder.app */ = {isa = PBXFileReference; explicitFileType = wrapper.application; includeInIndex = 0; path = Birder.app; sourceTree = BUILT_PRODUCTS_DIR; };
		55D1430E1AF3277700BD4A23 /* Info.plist */ = {isa = PBXFileReference; lastKnownFileType = text.plist.xml; path = Info.plist; sourceTree = "<group>"; };
		55D1430F1AF3277700BD4A23 /* AppDelegate.swift */ = {isa = PBXFileReference; lastKnownFileType = sourcecode.swift; path = AppDelegate.swift; sourceTree = "<group>"; };
		55D143141AF3277700BD4A23 /* Base */ = {isa = PBXFileReference; lastKnownFileType = file.storyboard; name = Base; path = Base.lproj/Main.storyboard; sourceTree = "<group>"; };
		55D143161AF3277700BD4A23 /* Images.xcassets */ = {isa = PBXFileReference; lastKnownFileType = folder.assetcatalog; path = Images.xcassets; sourceTree = "<group>"; };
		55D143191AF3277700BD4A23 /* Base */ = {isa = PBXFileReference; lastKnownFileType = file.xib; name = Base; path = Base.lproj/LaunchScreen.xib; sourceTree = "<group>"; };
		55D1431F1AF3277700BD4A23 /* BirderTests.xctest */ = {isa = PBXFileReference; explicitFileType = wrapper.cfbundle; includeInIndex = 0; path = BirderTests.xctest; sourceTree = BUILT_PRODUCTS_DIR; };
		55D143241AF3277700BD4A23 /* Info.plist */ = {isa = PBXFileReference; lastKnownFileType = text.plist.xml; path = Info.plist; sourceTree = "<group>"; };
		55D143251AF3277700BD4A23 /* BirderTests.swift */ = {isa = PBXFileReference; lastKnownFileType = sourcecode.swift; path = BirderTests.swift; sourceTree = "<group>"; };
		55D1432F1AF328E900BD4A23 /* Birder-Bridging-Header.h */ = {isa = PBXFileReference; lastKnownFileType = sourcecode.c.h; path = "Birder-Bridging-Header.h"; sourceTree = "<group>"; };
		55D143331AF329B700BD4A23 /* LoginViewController.swift */ = {isa = PBXFileReference; fileEncoding = 4; lastKnownFileType = sourcecode.swift; path = LoginViewController.swift; sourceTree = "<group>"; };
		55D143351AF32A6500BD4A23 /* TwitterClient.swift */ = {isa = PBXFileReference; fileEncoding = 4; lastKnownFileType = sourcecode.swift; path = TwitterClient.swift; sourceTree = "<group>"; };
		55D143381AF4A4DA00BD4A23 /* Tweet.swift */ = {isa = PBXFileReference; fileEncoding = 4; lastKnownFileType = sourcecode.swift; path = Tweet.swift; sourceTree = "<group>"; };
		55D1433A1AF4A4E400BD4A23 /* User.swift */ = {isa = PBXFileReference; fileEncoding = 4; lastKnownFileType = sourcecode.swift; path = User.swift; sourceTree = "<group>"; };
		55D1433C1AF589F700BD4A23 /* TweetsViewController.swift */ = {isa = PBXFileReference; fileEncoding = 4; lastKnownFileType = sourcecode.swift; path = TweetsViewController.swift; sourceTree = "<group>"; };
		55D1433F1AF59C8E00BD4A23 /* TweetCell.swift */ = {isa = PBXFileReference; fileEncoding = 4; lastKnownFileType = sourcecode.swift; name = TweetCell.swift; path = Views/TweetCell.swift; sourceTree = "<group>"; };
		55D143411AF67E2F00BD4A23 /* ComposeViewController.swift */ = {isa = PBXFileReference; fileEncoding = 4; lastKnownFileType = sourcecode.swift; path = ComposeViewController.swift; sourceTree = "<group>"; };
		79BF55B317EA70D5AA0F6E43 /* Pods-Birder.release.xcconfig */ = {isa = PBXFileReference; includeInIndex = 1; lastKnownFileType = text.xcconfig; name = "Pods-Birder.release.xcconfig"; path = "Pods/Target Support Files/Pods-Birder/Pods-Birder.release.xcconfig"; sourceTree = "<group>"; };
		8B8D461EDBD1D60C83A1DC50 /* Pods-Birder.debug.xcconfig */ = {isa = PBXFileReference; includeInIndex = 1; lastKnownFileType = text.xcconfig; name = "Pods-Birder.debug.xcconfig"; path = "Pods/Target Support Files/Pods-Birder/Pods-Birder.debug.xcconfig"; sourceTree = "<group>"; };
		CBB93ABD854BC93E70D92A37 /* libPods-Birder.a */ = {isa = PBXFileReference; explicitFileType = archive.ar; includeInIndex = 0; path = "libPods-Birder.a"; sourceTree = BUILT_PRODUCTS_DIR; };
/* End PBXFileReference section */

/* Begin PBXFrameworksBuildPhase section */
		55D143071AF3277700BD4A23 /* Frameworks */ = {
			isa = PBXFrameworksBuildPhase;
			buildActionMask = 2147483647;
			files = (
				A5FD0031DBD6249302D85224 /* libPods-Birder.a in Frameworks */,
			);
			runOnlyForDeploymentPostprocessing = 0;
		};
		55D1431C1AF3277700BD4A23 /* Frameworks */ = {
			isa = PBXFrameworksBuildPhase;
			buildActionMask = 2147483647;
			files = (
			);
			runOnlyForDeploymentPostprocessing = 0;
		};
/* End PBXFrameworksBuildPhase section */

/* Begin PBXGroup section */
		2708288DCC63838DCD8D4C55 /* Pods */ = {
			isa = PBXGroup;
			children = (
				8B8D461EDBD1D60C83A1DC50 /* Pods-Birder.debug.xcconfig */,
				79BF55B317EA70D5AA0F6E43 /* Pods-Birder.release.xcconfig */,
			);
			name = Pods;
			sourceTree = "<group>";
		};
		55D143011AF3277700BD4A23 = {
			isa = PBXGroup;
			children = (
				55D1430C1AF3277700BD4A23 /* Birder */,
				55D143221AF3277700BD4A23 /* BirderTests */,
				55D1430B1AF3277700BD4A23 /* Products */,
				2708288DCC63838DCD8D4C55 /* Pods */,
				EC65F0699D6861604A883BC0 /* Frameworks */,
				55D1432F1AF328E900BD4A23 /* Birder-Bridging-Header.h */,
			);
			sourceTree = "<group>";
		};
		55D1430B1AF3277700BD4A23 /* Products */ = {
			isa = PBXGroup;
			children = (
				55D1430A1AF3277700BD4A23 /* Birder.app */,
				55D1431F1AF3277700BD4A23 /* BirderTests.xctest */,
			);
			name = Products;
			sourceTree = "<group>";
		};
		55D1430C1AF3277700BD4A23 /* Birder */ = {
			isa = PBXGroup;
			children = (
				55D1430F1AF3277700BD4A23 /* AppDelegate.swift */,
				55D143161AF3277700BD4A23 /* Images.xcassets */,
				55D143181AF3277700BD4A23 /* LaunchScreen.xib */,
				55D143131AF3277700BD4A23 /* Main.storyboard */,
				55D143371AF4A49600BD4A23 /* Models */,
				55D1430D1AF3277700BD4A23 /* Supporting Files */,
				55D143351AF32A6500BD4A23 /* TwitterClient.swift */,
				55D143321AF3296B00BD4A23 /* View Controllers */,
				55D1433E1AF59C1100BD4A23 /* Views */,
			);
			path = Birder;
			sourceTree = "<group>";
		};
		55D1430D1AF3277700BD4A23 /* Supporting Files */ = {
			isa = PBXGroup;
			children = (
				55D1430E1AF3277700BD4A23 /* Info.plist */,
			);
			name = "Supporting Files";
			sourceTree = "<group>";
		};
		55D143221AF3277700BD4A23 /* BirderTests */ = {
			isa = PBXGroup;
			children = (
				55D143251AF3277700BD4A23 /* BirderTests.swift */,
				55D143231AF3277700BD4A23 /* Supporting Files */,
			);
			path = BirderTests;
			sourceTree = "<group>";
		};
		55D143231AF3277700BD4A23 /* Supporting Files */ = {
			isa = PBXGroup;
			children = (
				55D143241AF3277700BD4A23 /* Info.plist */,
			);
			name = "Supporting Files";
			sourceTree = "<group>";
		};
		55D143321AF3296B00BD4A23 /* View Controllers */ = {
			isa = PBXGroup;
			children = (
				55D143331AF329B700BD4A23 /* LoginViewController.swift */,
				55D1433C1AF589F700BD4A23 /* TweetsViewController.swift */,
				55D143411AF67E2F00BD4A23 /* ComposeViewController.swift */,
			);
			path = "View Controllers";
			sourceTree = "<group>";
		};
		55D143371AF4A49600BD4A23 /* Models */ = {
			isa = PBXGroup;
			children = (
				55D143381AF4A4DA00BD4A23 /* Tweet.swift */,
				55D1433A1AF4A4E400BD4A23 /* User.swift */,
			);
			path = Models;
			sourceTree = "<group>";
		};
		55D1433E1AF59C1100BD4A23 /* Views */ = {
			isa = PBXGroup;
			children = (
				55D1433F1AF59C8E00BD4A23 /* TweetCell.swift */,
			);
			name = Views;
			sourceTree = "<group>";
		};
		EC65F0699D6861604A883BC0 /* Frameworks */ = {
			isa = PBXGroup;
			children = (
				CBB93ABD854BC93E70D92A37 /* libPods-Birder.a */,
			);
			name = Frameworks;
			sourceTree = "<group>";
		};
/* End PBXGroup section */

/* Begin PBXNativeTarget section */
		55D143091AF3277700BD4A23 /* Birder */ = {
			isa = PBXNativeTarget;
			buildConfigurationList = 55D143291AF3277700BD4A23 /* Build configuration list for PBXNativeTarget "Birder" */;
			buildPhases = (
				531D2EA83C7BFC77FD89E1DE /* Check Pods Manifest.lock */,
				55D143061AF3277700BD4A23 /* Sources */,
				55D143071AF3277700BD4A23 /* Frameworks */,
				55D143081AF3277700BD4A23 /* Resources */,
				DFBAFEEAEA542391E7C617D6 /* Copy Pods Resources */,
			);
			buildRules = (
			);
			dependencies = (
			);
			name = Birder;
			productName = Birder;
			productReference = 55D1430A1AF3277700BD4A23 /* Birder.app */;
			productType = "com.apple.product-type.application";
		};
		55D1431E1AF3277700BD4A23 /* BirderTests */ = {
			isa = PBXNativeTarget;
			buildConfigurationList = 55D1432C1AF3277700BD4A23 /* Build configuration list for PBXNativeTarget "BirderTests" */;
			buildPhases = (
				55D1431B1AF3277700BD4A23 /* Sources */,
				55D1431C1AF3277700BD4A23 /* Frameworks */,
				55D1431D1AF3277700BD4A23 /* Resources */,
			);
			buildRules = (
			);
			dependencies = (
				55D143211AF3277700BD4A23 /* PBXTargetDependency */,
			);
			name = BirderTests;
			productName = BirderTests;
			productReference = 55D1431F1AF3277700BD4A23 /* BirderTests.xctest */;
			productType = "com.apple.product-type.bundle.unit-test";
		};
/* End PBXNativeTarget section */

/* Begin PBXProject section */
		55D143021AF3277700BD4A23 /* Project object */ = {
			isa = PBXProject;
			attributes = {
				LastUpgradeCheck = 0630;
				ORGANIZATIONNAME = rateva;
				TargetAttributes = {
					55D143091AF3277700BD4A23 = {
						CreatedOnToolsVersion = 6.3;
					};
					55D1431E1AF3277700BD4A23 = {
						CreatedOnToolsVersion = 6.3;
						TestTargetID = 55D143091AF3277700BD4A23;
					};
				};
			};
			buildConfigurationList = 55D143051AF3277700BD4A23 /* Build configuration list for PBXProject "Birder" */;
			compatibilityVersion = "Xcode 3.2";
			developmentRegion = English;
			hasScannedForEncodings = 0;
			knownRegions = (
				en,
				Base,
			);
			mainGroup = 55D143011AF3277700BD4A23;
			productRefGroup = 55D1430B1AF3277700BD4A23 /* Products */;
			projectDirPath = "";
			projectRoot = "";
			targets = (
				55D143091AF3277700BD4A23 /* Birder */,
				55D1431E1AF3277700BD4A23 /* BirderTests */,
			);
		};
/* End PBXProject section */

/* Begin PBXResourcesBuildPhase section */
		55D143081AF3277700BD4A23 /* Resources */ = {
			isa = PBXResourcesBuildPhase;
			buildActionMask = 2147483647;
			files = (
				55D143151AF3277700BD4A23 /* Main.storyboard in Resources */,
				55D1431A1AF3277700BD4A23 /* LaunchScreen.xib in Resources */,
				55D143171AF3277700BD4A23 /* Images.xcassets in Resources */,
			);
			runOnlyForDeploymentPostprocessing = 0;
		};
		55D1431D1AF3277700BD4A23 /* Resources */ = {
			isa = PBXResourcesBuildPhase;
			buildActionMask = 2147483647;
			files = (
			);
			runOnlyForDeploymentPostprocessing = 0;
		};
/* End PBXResourcesBuildPhase section */

/* Begin PBXShellScriptBuildPhase section */
		531D2EA83C7BFC77FD89E1DE /* Check Pods Manifest.lock */ = {
			isa = PBXShellScriptBuildPhase;
			buildActionMask = 2147483647;
			files = (
			);
			inputPaths = (
			);
			name = "Check Pods Manifest.lock";
			outputPaths = (
			);
			runOnlyForDeploymentPostprocessing = 0;
			shellPath = /bin/sh;
			shellScript = "diff \"${PODS_ROOT}/../Podfile.lock\" \"${PODS_ROOT}/Manifest.lock\" > /dev/null\nif [[ $? != 0 ]] ; then\n    cat << EOM\nerror: The sandbox is not in sync with the Podfile.lock. Run 'pod install' or update your CocoaPods installation.\nEOM\n    exit 1\nfi\n";
			showEnvVarsInLog = 0;
		};
		DFBAFEEAEA542391E7C617D6 /* Copy Pods Resources */ = {
			isa = PBXShellScriptBuildPhase;
			buildActionMask = 2147483647;
			files = (
			);
			inputPaths = (
			);
			name = "Copy Pods Resources";
			outputPaths = (
			);
			runOnlyForDeploymentPostprocessing = 0;
			shellPath = /bin/sh;
			shellScript = "\"${SRCROOT}/Pods/Target Support Files/Pods-Birder/Pods-Birder-resources.sh\"\n";
			showEnvVarsInLog = 0;
		};
/* End PBXShellScriptBuildPhase section */

/* Begin PBXSourcesBuildPhase section */
		55D143061AF3277700BD4A23 /* Sources */ = {
			isa = PBXSourcesBuildPhase;
			buildActionMask = 2147483647;
			files = (
				55D143341AF329B700BD4A23 /* LoginViewController.swift in Sources */,
				55D143401AF59C8E00BD4A23 /* TweetCell.swift in Sources */,
				55D143361AF32A6500BD4A23 /* TwitterClient.swift in Sources */,
				55D143421AF67E2F00BD4A23 /* ComposeViewController.swift in Sources */,
				55D1433D1AF589F700BD4A23 /* TweetsViewController.swift in Sources */,
				55D143101AF3277700BD4A23 /* AppDelegate.swift in Sources */,
				55D1433B1AF4A4E400BD4A23 /* User.swift in Sources */,
				55D143391AF4A4DA00BD4A23 /* Tweet.swift in Sources */,
			);
			runOnlyForDeploymentPostprocessing = 0;
		};
		55D1431B1AF3277700BD4A23 /* Sources */ = {
			isa = PBXSourcesBuildPhase;
			buildActionMask = 2147483647;
			files = (
				55D143261AF3277700BD4A23 /* BirderTests.swift in Sources */,
			);
			runOnlyForDeploymentPostprocessing = 0;
		};
/* End PBXSourcesBuildPhase section */

/* Begin PBXTargetDependency section */
		55D143211AF3277700BD4A23 /* PBXTargetDependency */ = {
			isa = PBXTargetDependency;
			target = 55D143091AF3277700BD4A23 /* Birder */;
			targetProxy = 55D143201AF3277700BD4A23 /* PBXContainerItemProxy */;
		};
/* End PBXTargetDependency section */

/* Begin PBXVariantGroup section */
		55D143131AF3277700BD4A23 /* Main.storyboard */ = {
			isa = PBXVariantGroup;
			children = (
				55D143141AF3277700BD4A23 /* Base */,
			);
			name = Main.storyboard;
			sourceTree = "<group>";
		};
		55D143181AF3277700BD4A23 /* LaunchScreen.xib */ = {
			isa = PBXVariantGroup;
			children = (
				55D143191AF3277700BD4A23 /* Base */,
			);
			name = LaunchScreen.xib;
			sourceTree = "<group>";
		};
/* End PBXVariantGroup section */

/* Begin XCBuildConfiguration section */
		55D143271AF3277700BD4A23 /* Debug */ = {
			isa = XCBuildConfiguration;
			buildSettings = {
				ALWAYS_SEARCH_USER_PATHS = NO;
				CLANG_CXX_LANGUAGE_STANDARD = "gnu++0x";
				CLANG_CXX_LIBRARY = "libc++";
				CLANG_ENABLE_MODULES = YES;
				CLANG_ENABLE_OBJC_ARC = YES;
				CLANG_WARN_BOOL_CONVERSION = YES;
				CLANG_WARN_CONSTANT_CONVERSION = YES;
				CLANG_WARN_DIRECT_OBJC_ISA_USAGE = YES_ERROR;
				CLANG_WARN_EMPTY_BODY = YES;
				CLANG_WARN_ENUM_CONVERSION = YES;
				CLANG_WARN_INT_CONVERSION = YES;
				CLANG_WARN_OBJC_ROOT_CLASS = YES_ERROR;
				CLANG_WARN_UNREACHABLE_CODE = YES;
				CLANG_WARN__DUPLICATE_METHOD_MATCH = YES;
				"CODE_SIGN_IDENTITY[sdk=iphoneos*]" = "iPhone Developer";
				COPY_PHASE_STRIP = NO;
				DEBUG_INFORMATION_FORMAT = "dwarf-with-dsym";
				ENABLE_STRICT_OBJC_MSGSEND = YES;
				GCC_C_LANGUAGE_STANDARD = gnu99;
				GCC_DYNAMIC_NO_PIC = NO;
				GCC_NO_COMMON_BLOCKS = YES;
				GCC_OPTIMIZATION_LEVEL = 0;
				GCC_PREPROCESSOR_DEFINITIONS = (
					"DEBUG=1",
					"$(inherited)",
				);
				GCC_SYMBOLS_PRIVATE_EXTERN = NO;
				GCC_WARN_64_TO_32_BIT_CONVERSION = YES;
				GCC_WARN_ABOUT_RETURN_TYPE = YES_ERROR;
				GCC_WARN_UNDECLARED_SELECTOR = YES;
				GCC_WARN_UNINITIALIZED_AUTOS = YES_AGGRESSIVE;
				GCC_WARN_UNUSED_FUNCTION = YES;
				GCC_WARN_UNUSED_VARIABLE = YES;
				IPHONEOS_DEPLOYMENT_TARGET = 8.3;
				MTL_ENABLE_DEBUG_INFO = YES;
				ONLY_ACTIVE_ARCH = YES;
				SDKROOT = iphoneos;
				SWIFT_OPTIMIZATION_LEVEL = "-Onone";
			};
			name = Debug;
		};
		55D143281AF3277700BD4A23 /* Release */ = {
			isa = XCBuildConfiguration;
			buildSettings = {
				ALWAYS_SEARCH_USER_PATHS = NO;
				CLANG_CXX_LANGUAGE_STANDARD = "gnu++0x";
				CLANG_CXX_LIBRARY = "libc++";
				CLANG_ENABLE_MODULES = YES;
				CLANG_ENABLE_OBJC_ARC = YES;
				CLANG_WARN_BOOL_CONVERSION = YES;
				CLANG_WARN_CONSTANT_CONVERSION = YES;
				CLANG_WARN_DIRECT_OBJC_ISA_USAGE = YES_ERROR;
				CLANG_WARN_EMPTY_BODY = YES;
				CLANG_WARN_ENUM_CONVERSION = YES;
				CLANG_WARN_INT_CONVERSION = YES;
				CLANG_WARN_OBJC_ROOT_CLASS = YES_ERROR;
				CLANG_WARN_UNREACHABLE_CODE = YES;
				CLANG_WARN__DUPLICATE_METHOD_MATCH = YES;
				"CODE_SIGN_IDENTITY[sdk=iphoneos*]" = "iPhone Developer";
				COPY_PHASE_STRIP = NO;
				DEBUG_INFORMATION_FORMAT = "dwarf-with-dsym";
				ENABLE_NS_ASSERTIONS = NO;
				ENABLE_STRICT_OBJC_MSGSEND = YES;
				GCC_C_LANGUAGE_STANDARD = gnu99;
				GCC_NO_COMMON_BLOCKS = YES;
				GCC_WARN_64_TO_32_BIT_CONVERSION = YES;
				GCC_WARN_ABOUT_RETURN_TYPE = YES_ERROR;
				GCC_WARN_UNDECLARED_SELECTOR = YES;
				GCC_WARN_UNINITIALIZED_AUTOS = YES_AGGRESSIVE;
				GCC_WARN_UNUSED_FUNCTION = YES;
				GCC_WARN_UNUSED_VARIABLE = YES;
				IPHONEOS_DEPLOYMENT_TARGET = 8.3;
				MTL_ENABLE_DEBUG_INFO = NO;
				SDKROOT = iphoneos;
				VALIDATE_PRODUCT = YES;
			};
			name = Release;
		};
		55D1432A1AF3277700BD4A23 /* Debug */ = {
			isa = XCBuildConfiguration;
			baseConfigurationReference = 8B8D461EDBD1D60C83A1DC50 /* Pods-Birder.debug.xcconfig */;
			buildSettings = {
				ASSETCATALOG_COMPILER_APPICON_NAME = AppIcon;
				CLANG_ENABLE_MODULES = YES;
				INFOPLIST_FILE = Birder/Info.plist;
				LD_RUNPATH_SEARCH_PATHS = "$(inherited) @executable_path/Frameworks";
				PRODUCT_NAME = "$(TARGET_NAME)";
				SWIFT_OBJC_BRIDGING_HEADER = "Birder-Bridging-Header.h";
				SWIFT_OPTIMIZATION_LEVEL = "-Onone";
			};
			name = Debug;
		};
		55D1432B1AF3277700BD4A23 /* Release */ = {
			isa = XCBuildConfiguration;
			baseConfigurationReference = 79BF55B317EA70D5AA0F6E43 /* Pods-Birder.release.xcconfig */;
			buildSettings = {
				ASSETCATALOG_COMPILER_APPICON_NAME = AppIcon;
				CLANG_ENABLE_MODULES = YES;
				INFOPLIST_FILE = Birder/Info.plist;
				LD_RUNPATH_SEARCH_PATHS = "$(inherited) @executable_path/Frameworks";
				PRODUCT_NAME = "$(TARGET_NAME)";
				SWIFT_OBJC_BRIDGING_HEADER = "Birder-Bridging-Header.h";
			};
			name = Release;
		};
		55D1432D1AF3277700BD4A23 /* Debug */ = {
			isa = XCBuildConfiguration;
			buildSettings = {
				BUNDLE_LOADER = "$(TEST_HOST)";
				FRAMEWORK_SEARCH_PATHS = (
					"$(SDKROOT)/Developer/Library/Frameworks",
					"$(inherited)",
				);
				GCC_PREPROCESSOR_DEFINITIONS = (
					"DEBUG=1",
					"$(inherited)",
				);
				INFOPLIST_FILE = BirderTests/Info.plist;
				LD_RUNPATH_SEARCH_PATHS = "$(inherited) @executable_path/Frameworks @loader_path/Frameworks";
				PRODUCT_NAME = "$(TARGET_NAME)";
				TEST_HOST = "$(BUILT_PRODUCTS_DIR)/Birder.app/Birder";
			};
			name = Debug;
		};
		55D1432E1AF3277700BD4A23 /* Release */ = {
			isa = XCBuildConfiguration;
			buildSettings = {
				BUNDLE_LOADER = "$(TEST_HOST)";
				FRAMEWORK_SEARCH_PATHS = (
					"$(SDKROOT)/Developer/Library/Frameworks",
					"$(inherited)",
				);
				INFOPLIST_FILE = BirderTests/Info.plist;
				LD_RUNPATH_SEARCH_PATHS = "$(inherited) @executable_path/Frameworks @loader_path/Frameworks";
				PRODUCT_NAME = "$(TARGET_NAME)";
				TEST_HOST = "$(BUILT_PRODUCTS_DIR)/Birder.app/Birder";
			};
			name = Release;
		};
/* End XCBuildConfiguration section */

/* Begin XCConfigurationList section */
		55D143051AF3277700BD4A23 /* Build configuration list for PBXProject "Birder" */ = {
			isa = XCConfigurationList;
			buildConfigurations = (
				55D143271AF3277700BD4A23 /* Debug */,
				55D143281AF3277700BD4A23 /* Release */,
			);
			defaultConfigurationIsVisible = 0;
			defaultConfigurationName = Release;
		};
		55D143291AF3277700BD4A23 /* Build configuration list for PBXNativeTarget "Birder" */ = {
			isa = XCConfigurationList;
			buildConfigurations = (
				55D1432A1AF3277700BD4A23 /* Debug */,
				55D1432B1AF3277700BD4A23 /* Release */,
			);
			defaultConfigurationIsVisible = 0;
			defaultConfigurationName = Release;
		};
		55D1432C1AF3277700BD4A23 /* Build configuration list for PBXNativeTarget "BirderTests" */ = {
			isa = XCConfigurationList;
			buildConfigurations = (
				55D1432D1AF3277700BD4A23 /* Debug */,
				55D1432E1AF3277700BD4A23 /* Release */,
			);
			defaultConfigurationIsVisible = 0;
			defaultConfigurationName = Release;
		};
/* End XCConfigurationList section */
	};
	rootObject = 55D143021AF3277700BD4A23 /* Project object */;
}
